
Microsoft Visual Studio Solution File, Format Version 12.00
# Visual Studio 2013
VisualStudioVersion = 12.0.40629.0
MinimumVisualStudioVersion = 10.0.40219.1
Project("{FAE04EC0-301F-11D3-BF4B-00C04F79EFBC}") = "VANHACK_Forum_Project", "VANHACK_Forum_Project\VANHACK_Forum_Project.csproj", "{33181567-1597-4E5B-A4B9-CCDAA8BEF243}"
EndProject
Global
	GlobalSection(SolutionConfigurationPlatforms) = preSolution
		Debug|Any CPU = Debug|Any CPU
		Release|Any CPU = Release|Any CPU
	EndGlobalSection
	GlobalSection(ProjectConfigurationPlatforms) = postSolution
		{33181567-1597-4E5B-A4B9-CCDAA8BEF243}.Debug|Any CPU.ActiveCfg = Debug|Any CPU
		{33181567-1597-4E5B-A4B9-CCDAA8BEF243}.Debug|Any CPU.Build.0 = Debug|Any CPU
		{33181567-1597-4E5B-A4B9-CCDAA8BEF243}.Release|Any CPU.ActiveCfg = Release|Any CPU
		{33181567-1597-4E5B-A4B9-CCDAA8BEF243}.Release|Any CPU.Build.0 = Release|Any CPU
	EndGlobalSection
	GlobalSection(SolutionProperties) = preSolution
		HideSolutionNode = FALSE
	EndGlobalSection
EndGlobal
